dependencies:
  espressif/cjson:
    dependencies: []
    source:
      path: ../managed_components/espressif__cjson
      type: local
    version: 1.7.19~2
  espressif/esp_lcd_touch:
    dependencies: []
    source:
      path: ../managed_components/espressif__esp_lcd_touch
      type: local
    version: 1.2.1
  idf:
    source:
      type: idf
    version: 6.1.0
  lvgl/lvgl:
    dependencies: []
    source:
      path: ../managed_components/lvgl__lvgl
      type: local
    version: 9.5.0
direct_dependencies:
- espressif/cjson
- espressif/esp_lcd_touch
- idf
- lvgl/lvgl
manifest_hash: 7d211127944b30fe6ce6a3cab420cf480fa1e07b8a26e723addff24da387cac3
target: linux
version: 3.0.0
