dependencies:
  espressif/cjson:
    dependencies: []
    source:
      path: ../managed_components/espressif__cjson
      type: local
    version: 1.7.19~2
  espressif/esp_lcd_touch:
    dependencies: []
    source:
      path: ../managed_components/espressif__esp_lcd_touch
      type: local
    version: 1.2.1
  idf:
    source:
      type: idf
    version: 6.0.0
  lvgl/lvgl:
    dependencies: []
    source:
      path: ../managed_components/lvgl__lvgl
      type: local
    version: 9.5.0
direct_dependencies:
- espressif/cjson
- espressif/esp_lcd_touch
- idf
- lvgl/lvgl
manifest_hash: 3156cb1519b837bd71a9eb0e88827768d4631d8a2b1aea14da92ae2a69c1c97b
target: linux
version: 3.0.0
